
Microsoft Visual Studio Solution File, Format Version 12.00
# Visual Studio Version 17
VisualStudioVersion = 17.7.34031.279
MinimumVisualStudioVersion = 10.0.40219.1
Project("{FAE04EC0-301F-11D3-BF4B-00C04F79EFBC}") = "PraktikaVolkov", "PraktikaVolkov\PraktikaVolkov.csproj", "{C09BC3B0-2EC2-45F5-8D3E-C54EB24C713D}"
EndProject
Global
	GlobalSection(SolutionConfigurationPlatforms) = preSolution
		Debug|Any CPU = Debug|Any CPU
		Release|Any CPU = Release|Any CPU
	EndGlobalSection
	GlobalSection(ProjectConfigurationPlatforms) = postSolution
		{C09BC3B0-2EC2-45F5-8D3E-C54EB24C713D}.Debug|Any CPU.ActiveCfg = Debug|Any CPU
		{C09BC3B0-2EC2-45F5-8D3E-C54EB24C713D}.Debug|Any CPU.Build.0 = Debug|Any CPU
		{C09BC3B0-2EC2-45F5-8D3E-C54EB24C713D}.Release|Any CPU.ActiveCfg = Release|Any CPU
		{C09BC3B0-2EC2-45F5-8D3E-C54EB24C713D}.Release|Any CPU.Build.0 = Release|Any CPU
	EndGlobalSection
	GlobalSection(SolutionProperties) = preSolution
		HideSolutionNode = FALSE
	EndGlobalSection
	GlobalSection(ExtensibilityGlobals) = postSolution
		SolutionGuid = {573CDAA0-AB31-43B8-A5E1-DC5E1DD4A2DF}
	EndGlobalSection
EndGlobal
